{
    "_readme": [
        "This file locks the dependencies of your project to a known state",
        "Read more about it at http://getcomposer.org/doc/01-basic-usage.md#composer-lock-the-lock-file",
        "This file is @generated automatically"
    ],
    "hash": "bdaaf7dc14fbce59770de36acfc1abb3",
    "packages": [
        {
            "name": "composer/installers",
            "version": "dev-master",
            "source": {
                "type": "git",
                "url": "https://github.com/composer/installers.git",
                "reference": "1273cbb768f63b6436994df1b51724f8930505eb"
            },
            "dist": {
                "type": "zip",
                "url": "https://api.github.com/repos/composer/installers/zipball/1273cbb768f63b6436994df1b51724f8930505eb",
                "reference": "1273cbb768f63b6436994df1b51724f8930505eb",
                "shasum": ""
            },
            "replace": {
                "roundcube/plugin-installer": "*",
                "shama/baton": "*"
            },
            "require-dev": {
                "composer/composer": "1.0.*@dev",
                "phpunit/phpunit": "4.1.*"
            },
            "type": "composer-installer",
            "extra": {
                "class": "Composer\\Installers\\Installer",
                "branch-alias": {
                    "dev-master": "1.0-dev"
                }
            },
            "autoload": {
                "psr-0": {
                    "Composer\\Installers\\": "src/"
                }
            },
            "notification-url": "https://packagist.org/downloads/",
            "license": [
                "MIT"
            ],
            "authors": [
                {
                    "name": "Kyle Robinson Young",
                    "email": "kyle@dontkry.com",
                    "homepage": "https://github.com/shama"
                }
            ],
            "description": "A multi-framework Composer library installer",
            "homepage": "http://composer.github.com/installers/",
            "keywords": [
                "Craft",
                "Dolibarr",
                "Hurad",
                "MODX Evo",
                "OXID",
                "Thelia",
                "WolfCMS",
                "agl",
                "annotatecms",
                "bitrix",
                "cakephp",
                "chef",
                "codeigniter",
                "concrete5",
                "croogo",
                "drupal",
                "elgg",
                "fuelphp",
                "grav",
                "installer",
                "joomla",
                "kohana",
                "laravel",
                "lithium",
                "magento",
                "mako",
                "mediawiki",
                "modulework",
                "moodle",
                "phpbb",
                "piwik",
                "ppi",
                "puppet",
                "roundcube",
                "shopware",
                "silverstripe",
                "symfony",
                "typo3",
                "wordpress",
                "zend",
                "zikula"
            ],
            "time": "2014-09-20 03:53:04"
        },
        {
            "name": "ronik/acf-flexible-content",
            "version": "1.1.1",
            "dist": {
                "type": "zip",
                "url": "https://www.dropbox.com/s/h5nf9zaotjydd5a/acf-flexible-content.zip?dl=1",
                "reference": null,
                "shasum": null
            },
            "type": "wordpress-plugin"
        },
        {
            "name": "ronik/acf-gallery",
            "version": "1.1.1",
            "dist": {
                "type": "zip",
                "url": "https://www.dropbox.com/s/r3zvd0aj17kjta6/acf-gallery.zip?dl=1",
                "reference": null,
                "shasum": null
            },
            "type": "wordpress-plugin"
        },
        {
            "name": "ronik/acf-options-page",
            "version": "1.2.0",
            "dist": {
                "type": "zip",
                "url": "https://www.dropbox.com/s/u89o13rzbqpca8o/acf-options-page.zip?dl=1",
                "reference": null,
                "shasum": null
            },
            "type": "wordpress-plugin"
        },
        {
            "name": "ronik/acf-repeater",
            "version": "1.1.1",
            "dist": {
                "type": "zip",
                "url": "https://www.dropbox.com/s/gli4lza1gxrcspn/acf-repeater.zip?dl=1",
                "reference": null,
                "shasum": null
            },
            "type": "wordpress-plugin"
        },
        {
            "name": "ronik/automatic-facebook-cache-cleaner",
            "version": "dev-master",
            "source": {
                "type": "git",
                "url": "https://github.com/ronik-design/automatic-facebook-cache-cleaner.git",
                "reference": "33a21039a56feb31baf85bf17703a69e8988da23"
            },
            "require": {
                "composer/installers": "~1.0"
            },
            "type": "wordpress-plugin",
            "license": [
                "GPLv2 or later"
            ],
            "authors": [
                {
                    "name": "Mark Catalano",
                    "email": "mark@ronikdesign.com",
                    "homepage": "http://ronikdesign.com.com"
                },
                {
                    "name": "ricardosalta",
                    "email": "mark@ronikdesign.com",
                    "homepage": "http://ronikdesign.com.com"
                }
            ],
            "description": "Wordpress Plugin to clear Facebook's OG cache",
            "homepage": "https://github.com/ronik-design/automatic-facebook-cache-cleaner",
            "keywords": [
                "cache",
                "facebook",
                "plugins",
                "wordpress"
            ],
            "support": {
                "issues": "https://github.com/ronik-design/automatic-facebook-cache-cleaner/issues",
                "source": "https://github.com/ronik-design/automatic-facebook-cache-cleaner"
            },
            "time": "2014-08-28 16:34:23"
        },
        {
            "name": "wpackagist-plugin/advanced-custom-fields",
            "version": "4.3.9",
            "source": {
                "type": "svn",
                "url": "http://plugins.svn.wordpress.org/advanced-custom-fields/",
                "reference": "trunk"
            },
            "dist": {
                "type": "zip",
                "url": "http://downloads.wordpress.org/plugin/advanced-custom-fields.zip",
                "reference": null,
                "shasum": null
            },
            "require": {
                "composer/installers": "~1.0"
            },
            "replace": {
                "wpackagist/advanced-custom-fields": "self.version"
            },
            "type": "wordpress-plugin",
            "homepage": "http://wordpress.org/plugins/advanced-custom-fields/"
        },
        {
            "name": "wpackagist-plugin/co-authors-plus",
            "version": "3.1.1",
            "source": {
                "type": "svn",
                "url": "http://plugins.svn.wordpress.org/co-authors-plus/",
                "reference": "tags/3.1.1"
            },
            "dist": {
                "type": "zip",
                "url": "http://downloads.wordpress.org/plugin/co-authors-plus.3.1.1.zip",
                "reference": null,
                "shasum": null
            },
            "require": {
                "composer/installers": "~1.0"
            },
            "replace": {
                "wpackagist/co-authors-plus": "self.version"
            },
            "type": "wordpress-plugin",
            "homepage": "http://wordpress.org/plugins/co-authors-plus/"
        },
        {
            "name": "wpackagist-plugin/codepress-admin-columns",
            "version": "2.2.6.4",
            "source": {
                "type": "svn",
                "url": "http://plugins.svn.wordpress.org/codepress-admin-columns/",
                "reference": "tags/2.2.6.4"
            },
            "dist": {
                "type": "zip",
                "url": "http://downloads.wordpress.org/plugin/codepress-admin-columns.2.2.6.4.zip",
                "reference": null,
                "shasum": null
            },
            "require": {
                "composer/installers": "~1.0"
            },
            "replace": {
                "wpackagist/codepress-admin-columns": "self.version"
            },
            "type": "wordpress-plugin",
            "homepage": "http://wordpress.org/plugins/codepress-admin-columns/"
        },
        {
            "name": "wpackagist-plugin/google-analytics-top-posts-widget",
            "version": "1.5.4",
            "source": {
                "type": "svn",
                "url": "http://plugins.svn.wordpress.org/google-analytics-top-posts-widget/",
                "reference": "trunk"
            },
            "dist": {
                "type": "zip",
                "url": "http://downloads.wordpress.org/plugin/google-analytics-top-posts-widget.zip",
                "reference": null,
                "shasum": null
            },
            "require": {
                "composer/installers": "~1.0"
            },
            "replace": {
                "wpackagist/google-analytics-top-posts-widget": "self.version"
            },
            "type": "wordpress-plugin",
            "homepage": "http://wordpress.org/plugins/google-analytics-top-posts-widget/"
        },
        {
            "name": "wpackagist-plugin/post-to-post-links-ii",
            "version": "1.2.1",
            "source": {
                "type": "svn",
                "url": "http://plugins.svn.wordpress.org/post-to-post-links-ii/",
                "reference": "tags/1.2.1"
            },
            "dist": {
                "type": "zip",
                "url": "http://downloads.wordpress.org/plugin/post-to-post-links-ii.1.2.1.zip",
                "reference": null,
                "shasum": null
            },
            "require": {
                "composer/installers": "~1.0"
            },
            "replace": {
                "wpackagist/post-to-post-links-ii": "self.version"
            },
            "type": "wordpress-plugin",
            "homepage": "http://wordpress.org/plugins/post-to-post-links-ii/"
        },
        {
            "name": "wpackagist-plugin/simple-menu-delete",
            "version": "0.2",
            "source": {
                "type": "svn",
                "url": "http://plugins.svn.wordpress.org/simple-menu-delete/",
                "reference": "tags/0.2"
            },
            "dist": {
                "type": "zip",
                "url": "http://downloads.wordpress.org/plugin/simple-menu-delete.0.2.zip",
                "reference": null,
                "shasum": null
            },
            "require": {
                "composer/installers": "~1.0"
            },
            "replace": {
                "wpackagist/simple-menu-delete": "self.version"
            },
            "type": "wordpress-plugin",
            "homepage": "http://wordpress.org/plugins/simple-menu-delete/"
        },
        {
            "name": "wpackagist-plugin/timber-library",
            "version": "0.20.6",
            "source": {
                "type": "svn",
                "url": "http://plugins.svn.wordpress.org/timber-library/",
                "reference": "tags/0.20.6"
            },
            "dist": {
                "type": "zip",
                "url": "http://downloads.wordpress.org/plugin/timber-library.0.20.6.zip",
                "reference": null,
                "shasum": null
            },
            "require": {
                "composer/installers": "~1.0"
            },
            "replace": {
                "wpackagist/timber-library": "self.version"
            },
            "type": "wordpress-plugin",
            "homepage": "http://wordpress.org/plugins/timber-library/"
        },
        {
            "name": "wpackagist-plugin/wordpress-importer",
            "version": "0.6.1",
            "source": {
                "type": "svn",
                "url": "http://plugins.svn.wordpress.org/wordpress-importer/",
                "reference": "tags/0.6.1"
            },
            "dist": {
                "type": "zip",
                "url": "http://downloads.wordpress.org/plugin/wordpress-importer.0.6.1.zip",
                "reference": null,
                "shasum": null
            },
            "require": {
                "composer/installers": "~1.0"
            },
            "replace": {
                "wpackagist/wordpress-importer": "self.version"
            },
            "type": "wordpress-plugin",
            "homepage": "http://wordpress.org/plugins/wordpress-importer/"
        },
        {
            "name": "wpackagist-plugin/wordpress-seo",
            "version": "1.5.6",
            "source": {
                "type": "svn",
                "url": "http://plugins.svn.wordpress.org/wordpress-seo/",
                "reference": "tags/1.5.6"
            },
            "dist": {
                "type": "zip",
                "url": "http://downloads.wordpress.org/plugin/wordpress-seo.1.5.6.zip",
                "reference": null,
                "shasum": null
            },
            "require": {
                "composer/installers": "~1.0"
            },
            "replace": {
                "wpackagist/wordpress-seo": "self.version"
            },
            "type": "wordpress-plugin",
            "homepage": "http://wordpress.org/plugins/wordpress-seo/"
        },
        {
            "name": "wpackagist-plugin/wp-author-slug",
            "version": "1.3.0",
            "source": {
                "type": "svn",
                "url": "http://plugins.svn.wordpress.org/wp-author-slug/",
                "reference": "tags/1.3.0"
            },
            "dist": {
                "type": "zip",
                "url": "http://downloads.wordpress.org/plugin/wp-author-slug.1.3.0.zip",
                "reference": null,
                "shasum": null
            },
            "require": {
                "composer/installers": "~1.0"
            },
            "replace": {
                "wpackagist/wp-author-slug": "self.version"
            },
            "type": "wordpress-plugin",
            "homepage": "http://wordpress.org/plugins/wp-author-slug/"
        }
    ],
    "packages-dev": [

    ],
    "aliases": [

    ],
    "minimum-stability": "dev",
    "stability-flags": [

    ],
    "prefer-stable": false,
    "platform": [

    ],
    "platform-dev": [

    ]
}
